<?xml version="1.0" encoding="utf-8"?>
<Project ToolsVersion="4.0" xmlns="http://schemas.microsoft.com/developer/msbuild/2003">
  <ItemGroup>
    <Filter Include="Source Files">
      <UniqueIdentifier>{4FC737F1-C7A5-4376-A066-2A32D752A2FF}</UniqueIdentifier>
      <Extensions>cpp;cxx;c;def</Extensions>
    </Filter>
    <Filter Include="Header Files">
      <UniqueIdentifier>{93995380-89BD-4b04-88EB-625FBE52EBFB}</UniqueIdentifier>
      <Extensions>h</Extensions>
    </Filter>
    <Filter Include="Form Files">
      <UniqueIdentifier>{99349809-55BA-4b9d-BF79-8FDBB0286EB3}</UniqueIdentifier>
      <Extensions>ui</Extensions>
    </Filter>
    <Filter Include="Resource Files">
      <UniqueIdentifier>{D9D6E242-F8AF-46E4-B9FD-80ECBC20BA3E}</UniqueIdentifier>
      <Extensions>qrc;*</Extensions>
      <ParseFiles>false</ParseFiles>
    </Filter>
    <Filter Include="Generated Files">
      <UniqueIdentifier>{71ED8ED8-ACB9-4CE9-BBE1-E00B30144E11}</UniqueIdentifier>
      <Extensions>moc;h;cpp</Extensions>
      <SourceControlFiles>False</SourceControlFiles>
    </Filter>
    <Filter Include="Generated Files\Debug">
      <UniqueIdentifier>{328ad988-61d3-4c30-b96e-8a9c2f18347e}</UniqueIdentifier>
      <Extensions>cpp;moc</Extensions>
      <SourceControlFiles>False</SourceControlFiles>
    </Filter>
    <Filter Include="Generated Files\Release">
      <UniqueIdentifier>{20062733-671f-4b41-918a-413a02627015}</UniqueIdentifier>
      <Extensions>cpp;moc</Extensions>
      <SourceControlFiles>False</SourceControlFiles>
    </Filter>
    <Filter Include="Source Files\widget">
      <UniqueIdentifier>{f2bda027-0e24-4a58-a68e-36b2c5c775d8}</UniqueIdentifier>
    </Filter>
    <Filter Include="Source Files\Robot">
      <UniqueIdentifier>{e451cd65-7874-4951-b2ce-bcc268125a56}</UniqueIdentifier>
    </Filter>
    <Filter Include="Header Files\Robot">
      <UniqueIdentifier>{f2d6a275-d860-4b63-aedf-35512e7a49af}</UniqueIdentifier>
    </Filter>
    <Filter Include="Header Files\widget">
      <UniqueIdentifier>{81381830-4a75-4c8a-84d5-40b6c86b01bc}</UniqueIdentifier>
    </Filter>
  </ItemGroup>
  <ItemGroup>
    <ClCompile Include="GeneratedFiles\qrc_slurry.cpp">
      <Filter>Generated Files</Filter>
    </ClCompile>
    <ClCompile Include="test.cpp">
      <Filter>Source Files</Filter>
    </ClCompile>
    <ClCompile Include="CameraController.cpp">
      <Filter>Source Files</Filter>
    </ClCompile>
    <ClCompile Include="Logger.cpp">
      <Filter>Source Files</Filter>
    </ClCompile>
    <ClCompile Include="Slurry.cpp">
      <Filter>Source Files</Filter>
    </ClCompile>
    <ClCompile Include="FrameProcessor.cpp">
      <Filter>Source Files</Filter>
    </ClCompile>
    <ClCompile Include="FpsCounter.cpp">
      <Filter>Source Files</Filter>
    </ClCompile>
    <ClCompile Include="SystemParameter.cpp">
      <Filter>Source Files</Filter>
    </ClCompile>
    <ClCompile Include="CalibrationDialog.cpp">
      <Filter>Source Files</Filter>
    </ClCompile>
    <ClCompile Include="widget\Viewer2D.cpp">
      <Filter>Source Files\widget</Filter>
    </ClCompile>
    <ClCompile Include="widget\Viewer2DGL.cpp">
      <Filter>Source Files\widget</Filter>
    </ClCompile>
    <ClCompile Include="widget\VtkWindow.cpp">
      <Filter>Source Files\widget</Filter>
    </ClCompile>
    <ClCompile Include="widget\QConsole.cpp">
      <Filter>Source Files\widget</Filter>
    </ClCompile>
    <ClCompile Include="RobotController\libs\UrRealtimeCommunication.cpp">
      <Filter>Source Files\Robot</Filter>
    </ClCompile>
    <ClCompile Include="RobotController\libs\RobotStateRT.cpp">
      <Filter>Source Files\Robot</Filter>
    </ClCompile>
    <ClCompile Include="RobotController\libs\RobotState.cpp">
      <Filter>Source Files\Robot</Filter>
    </ClCompile>
    <ClCompile Include="GeneratedFiles\Debug\moc_UrRealtimeCommunication.cpp">
      <Filter>Generated Files\Debug</Filter>
    </ClCompile>
    <ClCompile Include="GeneratedFiles\Release\moc_UrRealtimeCommunication.cpp">
      <Filter>Generated Files\Release</Filter>
    </ClCompile>
    <ClCompile Include="GeneratedFiles\Debug\moc_RobotControllerDialog.cpp">
      <Filter>Generated Files\Debug</Filter>
    </ClCompile>
    <ClCompile Include="GeneratedFiles\Release\moc_RobotControllerDialog.cpp">
      <Filter>Generated Files\Release</Filter>
    </ClCompile>
    <ClCompile Include="RobotController\RobotControllerDialog.cpp">
      <Filter>Source Files\Robot</Filter>
    </ClCompile>
    <ClCompile Include="RobotController\RobotController.cpp">
      <Filter>Source Files\Robot</Filter>
    </ClCompile>
    <ClCompile Include="GeneratedFiles\Debug\moc_RobotController.cpp">
      <Filter>Generated Files\Debug</Filter>
    </ClCompile>
    <ClCompile Include="GeneratedFiles\Release\moc_RobotController.cpp">
      <Filter>Generated Files\Release</Filter>
    </ClCompile>
    <ClCompile Include="GeneratedFiles\Debug\moc_UrDashboardCommunication.cpp">
      <Filter>Generated Files\Debug</Filter>
    </ClCompile>
    <ClCompile Include="GeneratedFiles\Release\moc_UrDashboardCommunication.cpp">
      <Filter>Generated Files\Release</Filter>
    </ClCompile>
    <ClCompile Include="RobotController\libs\UrDashboardCommunication.cpp">
      <Filter>Source Files\Robot</Filter>
    </ClCompile>
    <ClCompile Include="LaserProjectorAndSensor.cpp">
      <Filter>Source Files</Filter>
    </ClCompile>
    <ClCompile Include="GeneratedFiles\Debug\moc_LaserDialog.cpp">
      <Filter>Generated Files\Debug</Filter>
    </ClCompile>
    <ClCompile Include="GeneratedFiles\Release\moc_LaserDialog.cpp">
      <Filter>Generated Files\Release</Filter>
    </ClCompile>
    <ClCompile Include="GeneratedFiles\Debug\moc_LaserProjectorAndSensor.cpp">
      <Filter>Generated Files\Debug</Filter>
    </ClCompile>
    <ClCompile Include="GeneratedFiles\Release\moc_LaserProjectorAndSensor.cpp">
      <Filter>Generated Files\Release</Filter>
    </ClCompile>
    <ClCompile Include="RobotController\RobotFrame.cpp">
      <Filter>Source Files\Robot</Filter>
    </ClCompile>
    <ClCompile Include="main.cpp">
      <Filter>Source Files</Filter>
    </ClCompile>
    <ClCompile Include="AudioPlayer.cpp">
      <Filter>Source Files</Filter>
    </ClCompile>
    <ClCompile Include="GeneratedFiles\Debug\moc_AudioPlayer.cpp">
      <Filter>Generated Files\Debug</Filter>
    </ClCompile>
    <ClCompile Include="GeneratedFiles\Release\moc_AudioPlayer.cpp">
      <Filter>Generated Files\Release</Filter>
    </ClCompile>
    <ClCompile Include="RobotController\RobotException.cpp">
      <Filter>Source Files\Robot</Filter>
    </ClCompile>
    <ClCompile Include="FrmProcessorDisp.cpp">
      <Filter>Source Files</Filter>
    </ClCompile>
    <ClCompile Include="GeneratedFiles\Debug\moc_FrmProcessorDisp.cpp">
      <Filter>Generated Files\Debug</Filter>
    </ClCompile>
    <ClCompile Include="GeneratedFiles\Release\moc_FrmProcessorDisp.cpp">
      <Filter>Generated Files\Release</Filter>
    </ClCompile>
    <ClCompile Include="RobotController\RobotPath.cpp">
      <Filter>Source Files\Robot</Filter>
    </ClCompile>
    <ClCompile Include="RobotController\PathRecorder.cpp">
      <Filter>Source Files\Robot</Filter>
    </ClCompile>
    <ClCompile Include="GeneratedFiles\Debug\moc_PathRecorder.cpp">
      <Filter>Generated Files\Debug</Filter>
    </ClCompile>
    <ClCompile Include="GeneratedFiles\Release\moc_PathRecorder.cpp">
      <Filter>Generated Files\Release</Filter>
    </ClCompile>
    <ClCompile Include="FrmProcessorLaserCalibration.cpp">
      <Filter>Source Files</Filter>
    </ClCompile>
    <ClCompile Include="GeneratedFiles\Debug\moc_FrmProcessorLaserCalibration.cpp">
      <Filter>Generated Files\Debug</Filter>
    </ClCompile>
    <ClCompile Include="GeneratedFiles\Release\moc_FrmProcessorLaserCalibration.cpp">
      <Filter>Generated Files\Release</Filter>
    </ClCompile>
    <ClCompile Include="LaserDialog.cpp">
      <Filter>Source Files</Filter>
    </ClCompile>
    <ClCompile Include="FrmProcessorScan.cpp">
      <Filter>Source Files</Filter>
    </ClCompile>
    <ClCompile Include="GeneratedFiles\Debug\moc_FrmProcessorScan.cpp">
      <Filter>Generated Files\Debug</Filter>
    </ClCompile>
    <ClCompile Include="GeneratedFiles\Release\moc_FrmProcessorScan.cpp">
      <Filter>Generated Files\Release</Filter>
    </ClCompile>
    <ClCompile Include="GeneratedFiles\Debug\moc_FpsCounter.cpp">
      <Filter>Generated Files\Debug</Filter>
    </ClCompile>
    <ClCompile Include="GeneratedFiles\Release\moc_FpsCounter.cpp">
      <Filter>Generated Files\Release</Filter>
    </ClCompile>
    <ClCompile Include="GeneratedFiles\Debug\moc_CalibrationDialog.cpp">
      <Filter>Generated Files\Debug</Filter>
    </ClCompile>
    <ClCompile Include="GeneratedFiles\Release\moc_CalibrationDialog.cpp">
      <Filter>Generated Files\Release</Filter>
    </ClCompile>
    <ClCompile Include="GeneratedFiles\Debug\moc_Slurry.cpp">
      <Filter>Generated Files\Debug</Filter>
    </ClCompile>
    <ClCompile Include="GeneratedFiles\Release\moc_Slurry.cpp">
      <Filter>Generated Files\Release</Filter>
    </ClCompile>
    <ClCompile Include="GeneratedFiles\Debug\moc_Viewer2D.cpp">
      <Filter>Generated Files\Debug</Filter>
    </ClCompile>
    <ClCompile Include="GeneratedFiles\Release\moc_Viewer2D.cpp">
      <Filter>Generated Files\Release</Filter>
    </ClCompile>
    <ClCompile Include="GeneratedFiles\Debug\moc_Viewer2DGL.cpp">
      <Filter>Generated Files\Debug</Filter>
    </ClCompile>
    <ClCompile Include="GeneratedFiles\Release\moc_Viewer2DGL.cpp">
      <Filter>Generated Files\Release</Filter>
    </ClCompile>
    <ClCompile Include="GeneratedFiles\Debug\moc_QConsole.cpp">
      <Filter>Generated Files\Debug</Filter>
    </ClCompile>
    <ClCompile Include="GeneratedFiles\Release\moc_QConsole.cpp">
      <Filter>Generated Files\Release</Filter>
    </ClCompile>
    <ClCompile Include="FrmProcessorCameraCalibration.cpp">
      <Filter>Source Files</Filter>
    </ClCompile>
    <ClCompile Include="GeneratedFiles\Debug\moc_FrmProcessorCameraCalibration.cpp">
      <Filter>Generated Files\Debug</Filter>
    </ClCompile>
    <ClCompile Include="GeneratedFiles\Release\moc_FrmProcessorCameraCalibration.cpp">
      <Filter>Generated Files\Release</Filter>
    </ClCompile>
    <ClCompile Include="RobotController\RobotStateHistory.cpp">
      <Filter>Source Files\Robot</Filter>
    </ClCompile>
    <ClCompile Include="GeneratedFiles\Debug\moc_VtkWindow.cpp">
      <Filter>Generated Files\Debug</Filter>
    </ClCompile>
    <ClCompile Include="GeneratedFiles\Release\moc_VtkWindow.cpp">
      <Filter>Generated Files\Release</Filter>
    </ClCompile>
    <ClCompile Include="GeneratedFiles\Debug\moc_vtkRobotModel.cpp">
      <Filter>Generated Files\Debug</Filter>
    </ClCompile>
    <ClCompile Include="GeneratedFiles\Release\moc_vtkRobotModel.cpp">
      <Filter>Generated Files\Release</Filter>
    </ClCompile>
    <ClCompile Include="GeneratedFiles\Debug\moc_TestPointsGenerator.cpp">
      <Filter>Generated Files\Debug</Filter>
    </ClCompile>
    <ClCompile Include="GeneratedFiles\Release\moc_TestPointsGenerator.cpp">
      <Filter>Generated Files\Release</Filter>
    </ClCompile>
    <ClCompile Include="CTImageVisualization.cpp">
      <Filter>Source Files</Filter>
    </ClCompile>
    <ClCompile Include="GeneratedFiles\Debug\moc_QPilot.cpp">
      <Filter>Generated Files\Debug</Filter>
    </ClCompile>
    <ClCompile Include="GeneratedFiles\Release\moc_QPilot.cpp">
      <Filter>Generated Files\Release</Filter>
    </ClCompile>
    <ClCompile Include="widget\QPilot.cpp">
      <Filter>Source Files\widget</Filter>
    </ClCompile>
    <ClCompile Include="GeneratedFiles\Debug\moc_ToolCalibrationDialog.cpp">
      <Filter>Generated Files\Debug</Filter>
    </ClCompile>
    <ClCompile Include="GeneratedFiles\Release\moc_ToolCalibrationDialog.cpp">
      <Filter>Generated Files\Release</Filter>
    </ClCompile>
    <ClCompile Include="ToolCalibrationDialog.cpp">
      <Filter>Source Files</Filter>
    </ClCompile>
    <ClCompile Include="SlurryRobotController.cpp">
      <Filter>Source Files</Filter>
    </ClCompile>
    <ClCompile Include="vtkRobotModel.cpp">
      <Filter>Source Files\widget</Filter>
    </ClCompile>
    <ClCompile Include="vtkGuiderWidget.cpp">
      <Filter>Source Files\widget</Filter>
    </ClCompile>
    <ClCompile Include="ScanVisualizer.cpp">
      <Filter>Source Files</Filter>
    </ClCompile>
    <ClCompile Include="TestPointsGenerator.cpp">
      <Filter>Source Files</Filter>
    </ClCompile>
  </ItemGroup>
  <ItemGroup>
    <CustomBuild Include="CameraController.h">
      <Filter>Header Files</Filter>
    </CustomBuild>
    <CustomBuild Include="GlobalShared.h">
      <Filter>Header Files</Filter>
    </CustomBuild>
    <CustomBuild Include="Slurry.ui">
      <Filter>Form Files</Filter>
    </CustomBuild>
    <CustomBuild Include="FrameProcessor.h">
      <Filter>Header Files</Filter>
    </CustomBuild>
    <CustomBuild Include="FpsCounter.h">
      <Filter>Header Files</Filter>
    </CustomBuild>
    <CustomBuild Include="CalibrationDialog.ui">
      <Filter>Form Files</Filter>
    </CustomBuild>
    <CustomBuild Include="CalibrationDialog.h">
      <Filter>Header Files</Filter>
    </CustomBuild>
    <CustomBuild Include="RobotControllerDialog.ui">
      <Filter>Form Files</Filter>
    </CustomBuild>
    <CustomBuild Include="Slurry.h">
      <Filter>Header Files</Filter>
    </CustomBuild>
    <CustomBuild Include="RobotController\libs\UrRealtimeCommunication.h">
      <Filter>Header Files\Robot</Filter>
    </CustomBuild>
    <CustomBuild Include="GeneratedFiles\Debug\UrRealtimeCommunication.moc">
      <Filter>Generated Files\Debug</Filter>
    </CustomBuild>
    <CustomBuild Include="RobotController\RobotControllerDialog.h">
      <Filter>Header Files\Robot</Filter>
    </CustomBuild>
    <CustomBuild Include="RobotController\RobotController.h">
      <Filter>Header Files\Robot</Filter>
    </CustomBuild>
    <CustomBuild Include="RobotController\libs\UrDashboardCommunication.h">
      <Filter>Header Files\Robot</Filter>
    </CustomBuild>
    <CustomBuild Include="LaserDialog.h">
      <Filter>Header Files</Filter>
    </CustomBuild>
    <CustomBuild Include="LaserDialog.ui">
      <Filter>Form Files</Filter>
    </CustomBuild>
    <CustomBuild Include="LaserProjectorAndSensor.h">
      <Filter>Header Files</Filter>
    </CustomBuild>
    <CustomBuild Include="AudioPlayer.h">
      <Filter>Header Files</Filter>
    </CustomBuild>
    <CustomBuild Include="FrmProcessorDisp.h">
      <Filter>Header Files</Filter>
    </CustomBuild>
    <CustomBuild Include="RobotController\RobotPath.h">
      <Filter>Header Files\Robot</Filter>
    </CustomBuild>
    <CustomBuild Include="RobotController\PathRecorder.h">
      <Filter>Header Files\Robot</Filter>
    </CustomBuild>
    <CustomBuild Include="FrmProcessorLaserCalibration.h">
      <Filter>Header Files</Filter>
    </CustomBuild>
    <CustomBuild Include="FrmProcessorScan.h">
      <Filter>Header Files</Filter>
    </CustomBuild>
    <CustomBuild Include="FrmProcessorCameraCalibration.h">
      <Filter>Header Files</Filter>
    </CustomBuild>
    <CustomBuild Include="widget\VtkWindow.h">
      <Filter>Header Files\widget</Filter>
    </CustomBuild>
    <CustomBuild Include="widget\Viewer2D.h">
      <Filter>Header Files\widget</Filter>
    </CustomBuild>
    <CustomBuild Include="widget\Viewer2DGL.h">
      <Filter>Header Files\widget</Filter>
    </CustomBuild>
    <CustomBuild Include="widget\QConsole.h">
      <Filter>Header Files\widget</Filter>
    </CustomBuild>
    <CustomBuild Include="widget\QPilot.h">
      <Filter>Header Files\widget</Filter>
    </CustomBuild>
    <CustomBuild Include="ToolCalibrationDialog.h">
      <Filter>Header Files</Filter>
    </CustomBuild>
    <CustomBuild Include="ToolCalibrationDialog.ui">
      <Filter>Form Files</Filter>
    </CustomBuild>
    <CustomBuild Include="vtkRobotModel.h">
      <Filter>Header Files\widget</Filter>
    </CustomBuild>
    <CustomBuild Include="slurry.qrc">
      <Filter>Resource Files</Filter>
    </CustomBuild>
    <CustomBuild Include="TestPointsGenerator.h">
      <Filter>Header Files</Filter>
    </CustomBuild>
  </ItemGroup>
  <ItemGroup>
    <ResourceCompile Include="Slurry.rc" />
  </ItemGroup>
  <ItemGroup>
    <ClInclude Include="GeneratedFiles\ui_Slurry.h">
      <Filter>Generated Files</Filter>
    </ClInclude>
    <ClInclude Include="SystemParameter.h">
      <Filter>Header Files</Filter>
    </ClInclude>
    <ClInclude Include="GeneratedFiles\ui_CalibrationDialog.h">
      <Filter>Generated Files</Filter>
    </ClInclude>
    <ClInclude Include="Logger.h">
      <Filter>Header Files</Filter>
    </ClInclude>
    <ClInclude Include="GeneratedFiles\ui_RobotControllerDialog.h">
      <Filter>Generated Files</Filter>
    </ClInclude>
    <ClInclude Include="RobotController\libs\RobotStateRT.h">
      <Filter>Header Files\Robot</Filter>
    </ClInclude>
    <ClInclude Include="RobotController\libs\RobotState.h">
      <Filter>Header Files\Robot</Filter>
    </ClInclude>
    <ClInclude Include="GeneratedFiles\ui_LaserDialog.h">
      <Filter>Generated Files</Filter>
    </ClInclude>
    <ClInclude Include="RobotController\RobotCmdExecutor.h">
      <Filter>Header Files\Robot</Filter>
    </ClInclude>
    <ClInclude Include="RobotController\RobotException.h">
      <Filter>Header Files\Robot</Filter>
    </ClInclude>
    <ClInclude Include="RobotController\RobotFrame.h">
      <Filter>Header Files\Robot</Filter>
    </ClInclude>
    <ClInclude Include="RobotController\RobotStateHistory.h">
      <Filter>Header Files\Robot</Filter>
    </ClInclude>
    <ClInclude Include="Utils.h">
      <Filter>Header Files</Filter>
    </ClInclude>
    <ClInclude Include="GeneratedFiles\ui_ToolCalibrationDialog.h">
      <Filter>Generated Files</Filter>
    </ClInclude>
    <ClInclude Include="vtkGuiderWidget.h">
      <Filter>Header Files\widget</Filter>
    </ClInclude>
    <ClInclude Include="ScanVisualizer.h">
      <Filter>Header Files</Filter>
    </ClInclude>
  </ItemGroup>
</Project>